
Microsoft Visual Studio Solution File, Format Version 12.00
# Visual Studio 2013
VisualStudioVersion = 12.0.31101.0
MinimumVisualStudioVersion = 10.0.40219.1
Project("{FAE04EC0-301F-11D3-BF4B-00C04F79EFBC}") = "Pjatk.Tin.FitApp.Api", "Pjatk.Tin.FitApp.Api\Pjatk.Tin.FitApp.Api.csproj", "{DE199FC0-CE1B-48FA-B32B-6289AD1B826B}"
EndProject
Project("{FAE04EC0-301F-11D3-BF4B-00C04F79EFBC}") = "Pjatk.Tin.FitApp.Domain", "Pjatk.Tin.FitApp.Domain\Pjatk.Tin.FitApp.Domain.csproj", "{9116C89A-09CD-4D38-A4A1-865FCEC470BD}"
EndProject
Global
	GlobalSection(SolutionConfigurationPlatforms) = preSolution
		Debug|Any CPU = Debug|Any CPU
		Release|Any CPU = Release|Any CPU
	EndGlobalSection
	GlobalSection(ProjectConfigurationPlatforms) = postSolution
		{DE199FC0-CE1B-48FA-B32B-6289AD1B826B}.Debug|Any CPU.ActiveCfg = Debug|Any CPU
		{DE199FC0-CE1B-48FA-B32B-6289AD1B826B}.Debug|Any CPU.Build.0 = Debug|Any CPU
		{DE199FC0-CE1B-48FA-B32B-6289AD1B826B}.Release|Any CPU.ActiveCfg = Release|Any CPU
		{DE199FC0-CE1B-48FA-B32B-6289AD1B826B}.Release|Any CPU.Build.0 = Release|Any CPU
		{9116C89A-09CD-4D38-A4A1-865FCEC470BD}.Debug|Any CPU.ActiveCfg = Debug|Any CPU
		{9116C89A-09CD-4D38-A4A1-865FCEC470BD}.Debug|Any CPU.Build.0 = Debug|Any CPU
		{9116C89A-09CD-4D38-A4A1-865FCEC470BD}.Release|Any CPU.ActiveCfg = Release|Any CPU
		{9116C89A-09CD-4D38-A4A1-865FCEC470BD}.Release|Any CPU.Build.0 = Release|Any CPU
	EndGlobalSection
	GlobalSection(SolutionProperties) = preSolution
		HideSolutionNode = FALSE
	EndGlobalSection
EndGlobal
